
Microsoft Visual Studio Solution File, Format Version 12.00
# Visual Studio Version 16
VisualStudioVersion = 16.0.33529.622
MinimumVisualStudioVersion = 10.0.40219.1
Project("{FAE04EC0-301F-11D3-BF4B-00C04F79EFBC}") = "WebApplication1", "WebApplication1\WebApplication1.csproj", "{0189572B-2909-47F2-A58B-1AC8ABF4CE0A}"
EndProject
Global
	GlobalSection(SolutionConfigurationPlatforms) = preSolution
		Debug|Any CPU = Debug|Any CPU
		Release|Any CPU = Release|Any CPU
	EndGlobalSection
	GlobalSection(ProjectConfigurationPlatforms) = postSolution
		{0189572B-2909-47F2-A58B-1AC8ABF4CE0A}.Debug|Any CPU.ActiveCfg = Debug|Any CPU
		{0189572B-2909-47F2-A58B-1AC8ABF4CE0A}.Debug|Any CPU.Build.0 = Debug|Any CPU
		{0189572B-2909-47F2-A58B-1AC8ABF4CE0A}.Release|Any CPU.ActiveCfg = Release|Any CPU
		{0189572B-2909-47F2-A58B-1AC8ABF4CE0A}.Release|Any CPU.Build.0 = Release|Any CPU
	EndGlobalSection
	GlobalSection(SolutionProperties) = preSolution
		HideSolutionNode = FALSE
	EndGlobalSection
	GlobalSection(ExtensibilityGlobals) = postSolution
		SolutionGuid = {7E60C899-CA6E-4B97-A6E0-4EA074E93718}
	EndGlobalSection
EndGlobal
