
Microsoft Visual Studio Solution File, Format Version 12.00
# Visual Studio Version 16
VisualStudioVersion = 16.0.33529.622
MinimumVisualStudioVersion = 10.0.40219.1
Project("{FAE04EC0-301F-11D3-BF4B-00C04F79EFBC}") = "OperatorSub", "OperatorSub\OperatorSub.csproj", "{D5C34285-FCB5-4681-AE7B-B6D5DB13FBE5}"
EndProject
Global
	GlobalSection(SolutionConfigurationPlatforms) = preSolution
		Debug|Any CPU = Debug|Any CPU
		Release|Any CPU = Release|Any CPU
	EndGlobalSection
	GlobalSection(ProjectConfigurationPlatforms) = postSolution
		{D5C34285-FCB5-4681-AE7B-B6D5DB13FBE5}.Debug|Any CPU.ActiveCfg = Debug|Any CPU
		{D5C34285-FCB5-4681-AE7B-B6D5DB13FBE5}.Debug|Any CPU.Build.0 = Debug|Any CPU
		{D5C34285-FCB5-4681-AE7B-B6D5DB13FBE5}.Release|Any CPU.ActiveCfg = Release|Any CPU
		{D5C34285-FCB5-4681-AE7B-B6D5DB13FBE5}.Release|Any CPU.Build.0 = Release|Any CPU
	EndGlobalSection
	GlobalSection(SolutionProperties) = preSolution
		HideSolutionNode = FALSE
	EndGlobalSection
	GlobalSection(ExtensibilityGlobals) = postSolution
		SolutionGuid = {34CBD334-6DE1-4C25-9F66-2BF5B1707916}
	EndGlobalSection
EndGlobal
