
Microsoft Visual Studio Solution File, Format Version 12.00
# Visual Studio Version 16
VisualStudioVersion = 16.0.33529.622
MinimumVisualStudioVersion = 10.0.40219.1
Project("{FAE04EC0-301F-11D3-BF4B-00C04F79EFBC}") = "Scores", "Scores\Scores.csproj", "{CCB27164-9EE8-46BB-A1B6-8BE78E2B1FDD}"
EndProject
Global
	GlobalSection(SolutionConfigurationPlatforms) = preSolution
		Debug|Any CPU = Debug|Any CPU
		Release|Any CPU = Release|Any CPU
	EndGlobalSection
	GlobalSection(ProjectConfigurationPlatforms) = postSolution
		{CCB27164-9EE8-46BB-A1B6-8BE78E2B1FDD}.Debug|Any CPU.ActiveCfg = Debug|Any CPU
		{CCB27164-9EE8-46BB-A1B6-8BE78E2B1FDD}.Debug|Any CPU.Build.0 = Debug|Any CPU
		{CCB27164-9EE8-46BB-A1B6-8BE78E2B1FDD}.Release|Any CPU.ActiveCfg = Release|Any CPU
		{CCB27164-9EE8-46BB-A1B6-8BE78E2B1FDD}.Release|Any CPU.Build.0 = Release|Any CPU
	EndGlobalSection
	GlobalSection(SolutionProperties) = preSolution
		HideSolutionNode = FALSE
	EndGlobalSection
	GlobalSection(ExtensibilityGlobals) = postSolution
		SolutionGuid = {DF262BA5-2E29-457F-A16A-44A86D032322}
	EndGlobalSection
EndGlobal
