
Microsoft Visual Studio Solution File, Format Version 12.00
# Visual Studio Version 16
VisualStudioVersion = 16.0.33529.622
MinimumVisualStudioVersion = 10.0.40219.1
Project("{FAE04EC0-301F-11D3-BF4B-00C04F79EFBC}") = "MethodsObjects", "MethodsObjects\MethodsObjects.csproj", "{36DF5FB0-3C90-4635-AF4E-7735F4019341}"
EndProject
Global
	GlobalSection(SolutionConfigurationPlatforms) = preSolution
		Debug|Any CPU = Debug|Any CPU
		Release|Any CPU = Release|Any CPU
	EndGlobalSection
	GlobalSection(ProjectConfigurationPlatforms) = postSolution
		{36DF5FB0-3C90-4635-AF4E-7735F4019341}.Debug|Any CPU.ActiveCfg = Debug|Any CPU
		{36DF5FB0-3C90-4635-AF4E-7735F4019341}.Debug|Any CPU.Build.0 = Debug|Any CPU
		{36DF5FB0-3C90-4635-AF4E-7735F4019341}.Release|Any CPU.ActiveCfg = Release|Any CPU
		{36DF5FB0-3C90-4635-AF4E-7735F4019341}.Release|Any CPU.Build.0 = Release|Any CPU
	EndGlobalSection
	GlobalSection(SolutionProperties) = preSolution
		HideSolutionNode = FALSE
	EndGlobalSection
	GlobalSection(ExtensibilityGlobals) = postSolution
		SolutionGuid = {89F70D4B-B19A-4C7B-8A8C-80F63E903D3C}
	EndGlobalSection
EndGlobal
