
Microsoft Visual Studio Solution File, Format Version 12.00
# Visual Studio Version 16
VisualStudioVersion = 16.0.33529.622
MinimumVisualStudioVersion = 10.0.40219.1
Project("{FAE04EC0-301F-11D3-BF4B-00C04F79EFBC}") = "DateTime", "DateTime\DateTime.csproj", "{D2CB44CA-30F6-48BD-899B-8640B777CA1D}"
EndProject
Global
	GlobalSection(SolutionConfigurationPlatforms) = preSolution
		Debug|Any CPU = Debug|Any CPU
		Release|Any CPU = Release|Any CPU
	EndGlobalSection
	GlobalSection(ProjectConfigurationPlatforms) = postSolution
		{D2CB44CA-30F6-48BD-899B-8640B777CA1D}.Debug|Any CPU.ActiveCfg = Debug|Any CPU
		{D2CB44CA-30F6-48BD-899B-8640B777CA1D}.Debug|Any CPU.Build.0 = Debug|Any CPU
		{D2CB44CA-30F6-48BD-899B-8640B777CA1D}.Release|Any CPU.ActiveCfg = Release|Any CPU
		{D2CB44CA-30F6-48BD-899B-8640B777CA1D}.Release|Any CPU.Build.0 = Release|Any CPU
	EndGlobalSection
	GlobalSection(SolutionProperties) = preSolution
		HideSolutionNode = FALSE
	EndGlobalSection
	GlobalSection(ExtensibilityGlobals) = postSolution
		SolutionGuid = {64BC98BA-03EE-4061-948F-B05ED63E7A99}
	EndGlobalSection
EndGlobal
