
Microsoft Visual Studio Solution File, Format Version 12.00
# Visual Studio Version 16
VisualStudioVersion = 16.0.33529.622
MinimumVisualStudioVersion = 10.0.40219.1
Project("{FAE04EC0-301F-11D3-BF4B-00C04F79EFBC}") = "IntegerOperations", "IntegerOperations\IntegerOperations.csproj", "{CE1C374F-DCB0-482F-B45B-47EA20F2B876}"
EndProject
Global
	GlobalSection(SolutionConfigurationPlatforms) = preSolution
		Debug|Any CPU = Debug|Any CPU
		Release|Any CPU = Release|Any CPU
	EndGlobalSection
	GlobalSection(ProjectConfigurationPlatforms) = postSolution
		{CE1C374F-DCB0-482F-B45B-47EA20F2B876}.Debug|Any CPU.ActiveCfg = Debug|Any CPU
		{CE1C374F-DCB0-482F-B45B-47EA20F2B876}.Debug|Any CPU.Build.0 = Debug|Any CPU
		{CE1C374F-DCB0-482F-B45B-47EA20F2B876}.Release|Any CPU.ActiveCfg = Release|Any CPU
		{CE1C374F-DCB0-482F-B45B-47EA20F2B876}.Release|Any CPU.Build.0 = Release|Any CPU
	EndGlobalSection
	GlobalSection(SolutionProperties) = preSolution
		HideSolutionNode = FALSE
	EndGlobalSection
	GlobalSection(ExtensibilityGlobals) = postSolution
		SolutionGuid = {02BBF001-62DC-4F7C-A5FA-376A50E0C01C}
	EndGlobalSection
EndGlobal
