
Microsoft Visual Studio Solution File, Format Version 12.00
# Visual Studio Version 16
VisualStudioVersion = 16.0.33529.622
MinimumVisualStudioVersion = 10.0.40219.1
Project("{FAE04EC0-301F-11D3-BF4B-00C04F79EFBC}") = "MathOperations", "MathOperations\MathOperations.csproj", "{9C342363-45CA-4DEA-9D01-E7485443B13F}"
EndProject
Global
	GlobalSection(SolutionConfigurationPlatforms) = preSolution
		Debug|Any CPU = Debug|Any CPU
		Release|Any CPU = Release|Any CPU
	EndGlobalSection
	GlobalSection(ProjectConfigurationPlatforms) = postSolution
		{9C342363-45CA-4DEA-9D01-E7485443B13F}.Debug|Any CPU.ActiveCfg = Debug|Any CPU
		{9C342363-45CA-4DEA-9D01-E7485443B13F}.Debug|Any CPU.Build.0 = Debug|Any CPU
		{9C342363-45CA-4DEA-9D01-E7485443B13F}.Release|Any CPU.ActiveCfg = Release|Any CPU
		{9C342363-45CA-4DEA-9D01-E7485443B13F}.Release|Any CPU.Build.0 = Release|Any CPU
	EndGlobalSection
	GlobalSection(SolutionProperties) = preSolution
		HideSolutionNode = FALSE
	EndGlobalSection
	GlobalSection(ExtensibilityGlobals) = postSolution
		SolutionGuid = {657D7733-FAAF-4190-AA70-ADC9FB6C5F26}
	EndGlobalSection
EndGlobal
